
Microsoft Visual Studio Solution File, Format Version 12.00
# Visual Studio 15
VisualStudioVersion = 15.0.26124.0
MinimumVisualStudioVersion = 15.0.26124.0
Project("{FAE04EC0-301F-11D3-BF4B-00C04F79EFBC}") = "FishManager.API", "FishManager.API\FishManager.API.csproj", "{EF6926D6-C5C4-4592-915A-47BCDE741722}"
EndProject
Project("{FAE04EC0-301F-11D3-BF4B-00C04F79EFBC}") = "FishManager.Presentation", "FishManager.Presentation\FishManager.Presentation.csproj", "{83CACCE6-1714-43FE-9230-CFE32941C8EE}"
EndProject
Project("{FAE04EC0-301F-11D3-BF4B-00C04F79EFBC}") = "FishManager.Domain", "FishManager.Domain\FishManager.Domain.csproj", "{93A23AC7-C745-4240-8E6E-7839EF881B74}"
EndProject
Project("{FAE04EC0-301F-11D3-BF4B-00C04F79EFBC}") = "FishManager.Infrastructure", "FishManager.Infrastructure\FishManager.Infrastructure.csproj", "{278A06FE-A814-4434-8439-C1A28298D11D}"
EndProject
Global
	GlobalSection(SolutionConfigurationPlatforms) = preSolution
		Debug|Any CPU = Debug|Any CPU
		Debug|x64 = Debug|x64
		Debug|x86 = Debug|x86
		Release|Any CPU = Release|Any CPU
		Release|x64 = Release|x64
		Release|x86 = Release|x86
	EndGlobalSection
	GlobalSection(SolutionProperties) = preSolution
		HideSolutionNode = FALSE
	EndGlobalSection
	GlobalSection(ProjectConfigurationPlatforms) = postSolution
		{EF6926D6-C5C4-4592-915A-47BCDE741722}.Debug|Any CPU.ActiveCfg = Debug|Any CPU
		{EF6926D6-C5C4-4592-915A-47BCDE741722}.Debug|Any CPU.Build.0 = Debug|Any CPU
		{EF6926D6-C5C4-4592-915A-47BCDE741722}.Debug|x64.ActiveCfg = Debug|Any CPU
		{EF6926D6-C5C4-4592-915A-47BCDE741722}.Debug|x64.Build.0 = Debug|Any CPU
		{EF6926D6-C5C4-4592-915A-47BCDE741722}.Debug|x86.ActiveCfg = Debug|Any CPU
		{EF6926D6-C5C4-4592-915A-47BCDE741722}.Debug|x86.Build.0 = Debug|Any CPU
		{EF6926D6-C5C4-4592-915A-47BCDE741722}.Release|Any CPU.ActiveCfg = Release|Any CPU
		{EF6926D6-C5C4-4592-915A-47BCDE741722}.Release|Any CPU.Build.0 = Release|Any CPU
		{EF6926D6-C5C4-4592-915A-47BCDE741722}.Release|x64.ActiveCfg = Release|Any CPU
		{EF6926D6-C5C4-4592-915A-47BCDE741722}.Release|x64.Build.0 = Release|Any CPU
		{EF6926D6-C5C4-4592-915A-47BCDE741722}.Release|x86.ActiveCfg = Release|Any CPU
		{EF6926D6-C5C4-4592-915A-47BCDE741722}.Release|x86.Build.0 = Release|Any CPU
		{83CACCE6-1714-43FE-9230-CFE32941C8EE}.Debug|Any CPU.ActiveCfg = Debug|Any CPU
		{83CACCE6-1714-43FE-9230-CFE32941C8EE}.Debug|Any CPU.Build.0 = Debug|Any CPU
		{83CACCE6-1714-43FE-9230-CFE32941C8EE}.Debug|x64.ActiveCfg = Debug|Any CPU
		{83CACCE6-1714-43FE-9230-CFE32941C8EE}.Debug|x64.Build.0 = Debug|Any CPU
		{83CACCE6-1714-43FE-9230-CFE32941C8EE}.Debug|x86.ActiveCfg = Debug|Any CPU
		{83CACCE6-1714-43FE-9230-CFE32941C8EE}.Debug|x86.Build.0 = Debug|Any CPU
		{83CACCE6-1714-43FE-9230-CFE32941C8EE}.Release|Any CPU.ActiveCfg = Release|Any CPU
		{83CACCE6-1714-43FE-9230-CFE32941C8EE}.Release|Any CPU.Build.0 = Release|Any CPU
		{83CACCE6-1714-43FE-9230-CFE32941C8EE}.Release|x64.ActiveCfg = Release|Any CPU
		{83CACCE6-1714-43FE-9230-CFE32941C8EE}.Release|x64.Build.0 = Release|Any CPU
		{83CACCE6-1714-43FE-9230-CFE32941C8EE}.Release|x86.ActiveCfg = Release|Any CPU
		{83CACCE6-1714-43FE-9230-CFE32941C8EE}.Release|x86.Build.0 = Release|Any CPU
		{93A23AC7-C745-4240-8E6E-7839EF881B74}.Debug|Any CPU.ActiveCfg = Debug|Any CPU
		{93A23AC7-C745-4240-8E6E-7839EF881B74}.Debug|Any CPU.Build.0 = Debug|Any CPU
		{93A23AC7-C745-4240-8E6E-7839EF881B74}.Debug|x64.ActiveCfg = Debug|Any CPU
		{93A23AC7-C745-4240-8E6E-7839EF881B74}.Debug|x64.Build.0 = Debug|Any CPU
		{93A23AC7-C745-4240-8E6E-7839EF881B74}.Debug|x86.ActiveCfg = Debug|Any CPU
		{93A23AC7-C745-4240-8E6E-7839EF881B74}.Debug|x86.Build.0 = Debug|Any CPU
		{93A23AC7-C745-4240-8E6E-7839EF881B74}.Release|Any CPU.ActiveCfg = Release|Any CPU
		{93A23AC7-C745-4240-8E6E-7839EF881B74}.Release|Any CPU.Build.0 = Release|Any CPU
		{93A23AC7-C745-4240-8E6E-7839EF881B74}.Release|x64.ActiveCfg = Release|Any CPU
		{93A23AC7-C745-4240-8E6E-7839EF881B74}.Release|x64.Build.0 = Release|Any CPU
		{93A23AC7-C745-4240-8E6E-7839EF881B74}.Release|x86.ActiveCfg = Release|Any CPU
		{93A23AC7-C745-4240-8E6E-7839EF881B74}.Release|x86.Build.0 = Release|Any CPU
		{278A06FE-A814-4434-8439-C1A28298D11D}.Debug|Any CPU.ActiveCfg = Debug|Any CPU
		{278A06FE-A814-4434-8439-C1A28298D11D}.Debug|Any CPU.Build.0 = Debug|Any CPU
		{278A06FE-A814-4434-8439-C1A28298D11D}.Debug|x64.ActiveCfg = Debug|Any CPU
		{278A06FE-A814-4434-8439-C1A28298D11D}.Debug|x64.Build.0 = Debug|Any CPU
		{278A06FE-A814-4434-8439-C1A28298D11D}.Debug|x86.ActiveCfg = Debug|Any CPU
		{278A06FE-A814-4434-8439-C1A28298D11D}.Debug|x86.Build.0 = Debug|Any CPU
		{278A06FE-A814-4434-8439-C1A28298D11D}.Release|Any CPU.ActiveCfg = Release|Any CPU
		{278A06FE-A814-4434-8439-C1A28298D11D}.Release|Any CPU.Build.0 = Release|Any CPU
		{278A06FE-A814-4434-8439-C1A28298D11D}.Release|x64.ActiveCfg = Release|Any CPU
		{278A06FE-A814-4434-8439-C1A28298D11D}.Release|x64.Build.0 = Release|Any CPU
		{278A06FE-A814-4434-8439-C1A28298D11D}.Release|x86.ActiveCfg = Release|Any CPU
		{278A06FE-A814-4434-8439-C1A28298D11D}.Release|x86.Build.0 = Release|Any CPU
	EndGlobalSection
EndGlobal
